
Microsoft Visual Studio Solution File, Format Version 12.00
# Visual Studio Version 17
VisualStudioVersion = 17.5.33516.290
MinimumVisualStudioVersion = 10.0.40219.1
Project("{2150E333-8FDC-42A3-9474-1A3956D46DE8}") = "Solution Items", "Solution Items", "{8BAAAAF0-0153-4B8E-86A4-17215AF919D3}"
	ProjectSection(SolutionItems) = preProject
		history.txt = history.txt
	EndProjectSection
EndProject
Project("{2150E333-8FDC-42A3-9474-1A3956D46DE8}") = "01.Generals", "01.Generals", "{DE2F1303-7FF0-4694-9A29-C53603592404}"
EndProject
Project("{2150E333-8FDC-42A3-9474-1A3956D46DE8}") = "05.Wpf", "05.Wpf", "{B8F4930F-864B-432C-880F-A9A73F566B97}"
EndProject
Project("{2150E333-8FDC-42A3-9474-1A3956D46DE8}") = "01.Behavior", "01.Behavior", "{8CBA93D0-C93E-451C-AB3A-3335794F800E}"
EndProject
Project("{2150E333-8FDC-42A3-9474-1A3956D46DE8}") = "02.Resources", "02.Resources", "{47EC567A-7CA6-4024-88E2-9826BE35B4B9}"
EndProject
Project("{FAE04EC0-301F-11D3-BF4B-00C04F79EFBC}") = "01.DragAndDrop.Sample", "05.Wpf\01.Behavior\01.DragAndDrop.Sample\01.DragAndDrop.Sample.csproj", "{3744BC3A-4E20-4C67-9DA4-944C9C3C2B3F}"
EndProject
Project("{2150E333-8FDC-42A3-9474-1A3956D46DE8}") = "03.Controls", "03.Controls", "{68F8C310-0E2E-4FD8-9979-39E511FB74F5}"
EndProject
Project("{FAE04EC0-301F-11D3-BF4B-00C04F79EFBC}") = "02.DragAndDropControl.Sample", "05.Wpf\01.Behavior\02.DragAndDropControl.Sample\02.DragAndDropControl.Sample.csproj", "{851FEE10-8DC4-4466-BFB0-A617638199A7}"
EndProject
Project("{2150E333-8FDC-42A3-9474-1A3956D46DE8}") = "00.NLib", "00.NLib", "{6A0842E6-475D-420A-8E98-656B0D6F0292}"
EndProject
Project("{FAE04EC0-301F-11D3-BF4B-00C04F79EFBC}") = "NLib", "00.NLib\NLib\NLib.csproj", "{41A9D6C0-C833-403F-9BC1-EECDC246A428}"
EndProject
Project("{2150E333-8FDC-42A3-9474-1A3956D46DE8}") = "02.Layout.UserControls", "02.Layout.UserControls", "{EF12674F-2BDF-4704-92A1-AED0ED79923D}"
EndProject
Project("{FAE04EC0-301F-11D3-BF4B-00C04F79EFBC}") = "01.WpfLayoutControl", "05.Wpf\02.Layout.UserControls\01.WpfLayoutControl\01.WpfLayoutControl.csproj", "{F69B3F70-0162-4181-B71E-EFD03312AE9A}"
EndProject
Project("{FAE04EC0-301F-11D3-BF4B-00C04F79EFBC}") = "02.WpfLayoutUserControlApp", "05.Wpf\02.Layout.UserControls\02.WpfLayoutUserControlApp\02.WpfLayoutUserControlApp.csproj", "{F3289E78-9B8E-47D7-AE5E-39261DF48C12}"
EndProject
Project("{2150E333-8FDC-42A3-9474-1A3956D46DE8}") = "04.Templates", "04.Templates", "{E593F6C0-AE38-4333-B0D1-DC763363D769}"
EndProject
Project("{2150E333-8FDC-42A3-9474-1A3956D46DE8}") = "01.T4.Text.Template", "01.T4.Text.Template", "{F5DFAB59-C2B5-4B05-8B19-41A7AB78E985}"
EndProject
Project("{FAE04EC0-301F-11D3-BF4B-00C04F79EFBC}") = "01.T4.Text.Template.Sample", "04.Templates\01.T4.Text.Template\01.T4.Text.Template.Sample.csproj", "{75D65004-300A-44FA-A871-CC79985DF039}"
EndProject
Project("{FAE04EC0-301F-11D3-BF4B-00C04F79EFBC}") = "NLib.Utils", "00.NLib\NLib.Utils\NLib.Utils.csproj", "{93ACB478-4570-4F67-9442-2839D1A46EC9}"
EndProject
Project("{FAE04EC0-301F-11D3-BF4B-00C04F79EFBC}") = "NLib.Wpf.Controls", "00.NLib\NLib.Wpf.Controls\NLib.Wpf.Controls.csproj", "{238FC7FF-5234-4FEB-8265-22B8E8F01B0C}"
EndProject
Project("{2150E333-8FDC-42A3-9474-1A3956D46DE8}") = "04.Bindings", "04.Bindings", "{7142865B-DBC2-4492-BF65-F49200F82F69}"
EndProject
Project("{FAE04EC0-301F-11D3-BF4B-00C04F79EFBC}") = "01.Wpf.NInpc.Test", "05.Wpf\04.Bindings\01.Wpf.NInpc.Test\01.Wpf.NInpc.Test.csproj", "{09305405-AF78-4A34-AF5B-7CD42AC034B9}"
EndProject
Project("{FAE04EC0-301F-11D3-BF4B-00C04F79EFBC}") = "03.WpfMoveWindow", "05.Wpf\01.Behavior\03.WpfMoveWindow\03.WpfMoveWindow.csproj", "{8C25842F-1C2B-431F-B78E-8B6B3825EE3A}"
EndProject
Project("{2150E333-8FDC-42A3-9474-1A3956D46DE8}") = "02.Wpf.CustomControls", "02.Wpf.CustomControls", "{BD6041F9-0139-4043-AF02-C786CC11AD74}"
EndProject
Project("{2150E333-8FDC-42A3-9474-1A3956D46DE8}") = "01.PanAndZoom", "01.PanAndZoom", "{83B338EF-632C-4404-8FFF-628C1F9EAFBD}"
EndProject
Project("{FAE04EC0-301F-11D3-BF4B-00C04F79EFBC}") = "01.PanAndZoomImage.Sample", "05.Wpf\03.Controls\01.PanAndZoom\01.PanAndZoomImage.Sample\01.PanAndZoomImage.Sample.csproj", "{FDB3A770-0A16-45D7-B56D-40A69F2BE440}"
EndProject
Project("{FAE04EC0-301F-11D3-BF4B-00C04F79EFBC}") = "02.Wpf.CustomControls", "05.Wpf\03.Controls\02.Wpf.CustomControls\02.Wpf.CustomControls\02.Wpf.CustomControls.csproj", "{2EEB0B12-FC59-4071-952B-7B7690F214D9}"
EndProject
Project("{FAE04EC0-301F-11D3-BF4B-00C04F79EFBC}") = "02.Wpf.CustomControls.Sample", "05.Wpf\03.Controls\02.Wpf.CustomControls\02.Wpf.CustomControls.Sample\02.Wpf.CustomControls.Sample.csproj", "{C523BB17-FAD1-4666-9E0D-EBA1D6B32394}"
EndProject
Project("{FAE04EC0-301F-11D3-BF4B-00C04F79EFBC}") = "NLib.Rest.Common", "00.NLib\NLib.Rest.Common\NLib.Rest.Common.csproj", "{0B53507E-E0CE-42D4-AAAB-B9F67F7A463D}"
EndProject
Project("{FAE04EC0-301F-11D3-BF4B-00C04F79EFBC}") = "NLib.Rest.Client", "00.NLib\NLib.Rest.Client\NLib.Rest.Client.csproj", "{FC52043E-C45E-4B83-8AA5-DB8F57670F14}"
EndProject
Project("{FAE04EC0-301F-11D3-BF4B-00C04F79EFBC}") = "NLib.Rest.Server", "00.NLib\NLib.Rest.Server\NLib.Rest.Server.csproj", "{C36BC726-E29E-47C3-94AC-3F88BF3BD7F0}"
EndProject
Project("{2150E333-8FDC-42A3-9474-1A3956D46DE8}") = "06.Webs", "06.Webs", "{BF08D209-638A-4C00-AE52-1102C2AA7FC5}"
EndProject
Project("{2150E333-8FDC-42A3-9474-1A3956D46DE8}") = "01.WebServer", "01.WebServer", "{D5EBCD1E-6C5C-4523-AA39-8809885C4F90}"
EndProject
Project("{FAE04EC0-301F-11D3-BF4B-00C04F79EFBC}") = "Wpf.WebServer.App", "06.Webs\01.WebServer\Wpf.WebServer.App\Wpf.WebServer.App.csproj", "{2C28F73A-31FF-4871-B771-14AFE44EC5A7}"
EndProject
Global
	GlobalSection(SolutionConfigurationPlatforms) = preSolution
		Debug|Any CPU = Debug|Any CPU
		Release|Any CPU = Release|Any CPU
	EndGlobalSection
	GlobalSection(ProjectConfigurationPlatforms) = postSolution
		{3744BC3A-4E20-4C67-9DA4-944C9C3C2B3F}.Debug|Any CPU.ActiveCfg = Debug|Any CPU
		{3744BC3A-4E20-4C67-9DA4-944C9C3C2B3F}.Debug|Any CPU.Build.0 = Debug|Any CPU
		{3744BC3A-4E20-4C67-9DA4-944C9C3C2B3F}.Release|Any CPU.ActiveCfg = Release|Any CPU
		{3744BC3A-4E20-4C67-9DA4-944C9C3C2B3F}.Release|Any CPU.Build.0 = Release|Any CPU
		{851FEE10-8DC4-4466-BFB0-A617638199A7}.Debug|Any CPU.ActiveCfg = Debug|Any CPU
		{851FEE10-8DC4-4466-BFB0-A617638199A7}.Debug|Any CPU.Build.0 = Debug|Any CPU
		{851FEE10-8DC4-4466-BFB0-A617638199A7}.Release|Any CPU.ActiveCfg = Release|Any CPU
		{851FEE10-8DC4-4466-BFB0-A617638199A7}.Release|Any CPU.Build.0 = Release|Any CPU
		{41A9D6C0-C833-403F-9BC1-EECDC246A428}.Debug|Any CPU.ActiveCfg = Debug|Any CPU
		{41A9D6C0-C833-403F-9BC1-EECDC246A428}.Debug|Any CPU.Build.0 = Debug|Any CPU
		{41A9D6C0-C833-403F-9BC1-EECDC246A428}.Release|Any CPU.ActiveCfg = Release|Any CPU
		{41A9D6C0-C833-403F-9BC1-EECDC246A428}.Release|Any CPU.Build.0 = Release|Any CPU
		{F69B3F70-0162-4181-B71E-EFD03312AE9A}.Debug|Any CPU.ActiveCfg = Debug|Any CPU
		{F69B3F70-0162-4181-B71E-EFD03312AE9A}.Debug|Any CPU.Build.0 = Debug|Any CPU
		{F69B3F70-0162-4181-B71E-EFD03312AE9A}.Release|Any CPU.ActiveCfg = Release|Any CPU
		{F69B3F70-0162-4181-B71E-EFD03312AE9A}.Release|Any CPU.Build.0 = Release|Any CPU
		{F3289E78-9B8E-47D7-AE5E-39261DF48C12}.Debug|Any CPU.ActiveCfg = Debug|Any CPU
		{F3289E78-9B8E-47D7-AE5E-39261DF48C12}.Debug|Any CPU.Build.0 = Debug|Any CPU
		{F3289E78-9B8E-47D7-AE5E-39261DF48C12}.Release|Any CPU.ActiveCfg = Release|Any CPU
		{F3289E78-9B8E-47D7-AE5E-39261DF48C12}.Release|Any CPU.Build.0 = Release|Any CPU
		{75D65004-300A-44FA-A871-CC79985DF039}.Debug|Any CPU.ActiveCfg = Debug|Any CPU
		{75D65004-300A-44FA-A871-CC79985DF039}.Debug|Any CPU.Build.0 = Debug|Any CPU
		{75D65004-300A-44FA-A871-CC79985DF039}.Release|Any CPU.ActiveCfg = Release|Any CPU
		{75D65004-300A-44FA-A871-CC79985DF039}.Release|Any CPU.Build.0 = Release|Any CPU
		{93ACB478-4570-4F67-9442-2839D1A46EC9}.Debug|Any CPU.ActiveCfg = Debug|Any CPU
		{93ACB478-4570-4F67-9442-2839D1A46EC9}.Debug|Any CPU.Build.0 = Debug|Any CPU
		{93ACB478-4570-4F67-9442-2839D1A46EC9}.Release|Any CPU.ActiveCfg = Release|Any CPU
		{93ACB478-4570-4F67-9442-2839D1A46EC9}.Release|Any CPU.Build.0 = Release|Any CPU
		{238FC7FF-5234-4FEB-8265-22B8E8F01B0C}.Debug|Any CPU.ActiveCfg = Debug|Any CPU
		{238FC7FF-5234-4FEB-8265-22B8E8F01B0C}.Debug|Any CPU.Build.0 = Debug|Any CPU
		{238FC7FF-5234-4FEB-8265-22B8E8F01B0C}.Release|Any CPU.ActiveCfg = Release|Any CPU
		{238FC7FF-5234-4FEB-8265-22B8E8F01B0C}.Release|Any CPU.Build.0 = Release|Any CPU
		{09305405-AF78-4A34-AF5B-7CD42AC034B9}.Debug|Any CPU.ActiveCfg = Debug|Any CPU
		{09305405-AF78-4A34-AF5B-7CD42AC034B9}.Debug|Any CPU.Build.0 = Debug|Any CPU
		{09305405-AF78-4A34-AF5B-7CD42AC034B9}.Release|Any CPU.ActiveCfg = Release|Any CPU
		{09305405-AF78-4A34-AF5B-7CD42AC034B9}.Release|Any CPU.Build.0 = Release|Any CPU
		{8C25842F-1C2B-431F-B78E-8B6B3825EE3A}.Debug|Any CPU.ActiveCfg = Debug|Any CPU
		{8C25842F-1C2B-431F-B78E-8B6B3825EE3A}.Debug|Any CPU.Build.0 = Debug|Any CPU
		{8C25842F-1C2B-431F-B78E-8B6B3825EE3A}.Release|Any CPU.ActiveCfg = Release|Any CPU
		{8C25842F-1C2B-431F-B78E-8B6B3825EE3A}.Release|Any CPU.Build.0 = Release|Any CPU
		{FDB3A770-0A16-45D7-B56D-40A69F2BE440}.Debug|Any CPU.ActiveCfg = Debug|Any CPU
		{FDB3A770-0A16-45D7-B56D-40A69F2BE440}.Debug|Any CPU.Build.0 = Debug|Any CPU
		{FDB3A770-0A16-45D7-B56D-40A69F2BE440}.Release|Any CPU.ActiveCfg = Release|Any CPU
		{FDB3A770-0A16-45D7-B56D-40A69F2BE440}.Release|Any CPU.Build.0 = Release|Any CPU
		{2EEB0B12-FC59-4071-952B-7B7690F214D9}.Debug|Any CPU.ActiveCfg = Debug|Any CPU
		{2EEB0B12-FC59-4071-952B-7B7690F214D9}.Debug|Any CPU.Build.0 = Debug|Any CPU
		{2EEB0B12-FC59-4071-952B-7B7690F214D9}.Release|Any CPU.ActiveCfg = Release|Any CPU
		{2EEB0B12-FC59-4071-952B-7B7690F214D9}.Release|Any CPU.Build.0 = Release|Any CPU
		{C523BB17-FAD1-4666-9E0D-EBA1D6B32394}.Debug|Any CPU.ActiveCfg = Debug|Any CPU
		{C523BB17-FAD1-4666-9E0D-EBA1D6B32394}.Debug|Any CPU.Build.0 = Debug|Any CPU
		{C523BB17-FAD1-4666-9E0D-EBA1D6B32394}.Release|Any CPU.ActiveCfg = Release|Any CPU
		{C523BB17-FAD1-4666-9E0D-EBA1D6B32394}.Release|Any CPU.Build.0 = Release|Any CPU
		{0B53507E-E0CE-42D4-AAAB-B9F67F7A463D}.Debug|Any CPU.ActiveCfg = Debug|Any CPU
		{0B53507E-E0CE-42D4-AAAB-B9F67F7A463D}.Debug|Any CPU.Build.0 = Debug|Any CPU
		{0B53507E-E0CE-42D4-AAAB-B9F67F7A463D}.Release|Any CPU.ActiveCfg = Release|Any CPU
		{0B53507E-E0CE-42D4-AAAB-B9F67F7A463D}.Release|Any CPU.Build.0 = Release|Any CPU
		{FC52043E-C45E-4B83-8AA5-DB8F57670F14}.Debug|Any CPU.ActiveCfg = Debug|Any CPU
		{FC52043E-C45E-4B83-8AA5-DB8F57670F14}.Debug|Any CPU.Build.0 = Debug|Any CPU
		{FC52043E-C45E-4B83-8AA5-DB8F57670F14}.Release|Any CPU.ActiveCfg = Release|Any CPU
		{FC52043E-C45E-4B83-8AA5-DB8F57670F14}.Release|Any CPU.Build.0 = Release|Any CPU
		{C36BC726-E29E-47C3-94AC-3F88BF3BD7F0}.Debug|Any CPU.ActiveCfg = Debug|Any CPU
		{C36BC726-E29E-47C3-94AC-3F88BF3BD7F0}.Debug|Any CPU.Build.0 = Debug|Any CPU
		{C36BC726-E29E-47C3-94AC-3F88BF3BD7F0}.Release|Any CPU.ActiveCfg = Release|Any CPU
		{C36BC726-E29E-47C3-94AC-3F88BF3BD7F0}.Release|Any CPU.Build.0 = Release|Any CPU
		{2C28F73A-31FF-4871-B771-14AFE44EC5A7}.Debug|Any CPU.ActiveCfg = Debug|Any CPU
		{2C28F73A-31FF-4871-B771-14AFE44EC5A7}.Debug|Any CPU.Build.0 = Debug|Any CPU
		{2C28F73A-31FF-4871-B771-14AFE44EC5A7}.Release|Any CPU.ActiveCfg = Release|Any CPU
		{2C28F73A-31FF-4871-B771-14AFE44EC5A7}.Release|Any CPU.Build.0 = Release|Any CPU
	EndGlobalSection
	GlobalSection(SolutionProperties) = preSolution
		HideSolutionNode = FALSE
	EndGlobalSection
	GlobalSection(NestedProjects) = preSolution
		{8CBA93D0-C93E-451C-AB3A-3335794F800E} = {B8F4930F-864B-432C-880F-A9A73F566B97}
		{47EC567A-7CA6-4024-88E2-9826BE35B4B9} = {B8F4930F-864B-432C-880F-A9A73F566B97}
		{3744BC3A-4E20-4C67-9DA4-944C9C3C2B3F} = {8CBA93D0-C93E-451C-AB3A-3335794F800E}
		{68F8C310-0E2E-4FD8-9979-39E511FB74F5} = {B8F4930F-864B-432C-880F-A9A73F566B97}
		{851FEE10-8DC4-4466-BFB0-A617638199A7} = {8CBA93D0-C93E-451C-AB3A-3335794F800E}
		{41A9D6C0-C833-403F-9BC1-EECDC246A428} = {6A0842E6-475D-420A-8E98-656B0D6F0292}
		{EF12674F-2BDF-4704-92A1-AED0ED79923D} = {B8F4930F-864B-432C-880F-A9A73F566B97}
		{F69B3F70-0162-4181-B71E-EFD03312AE9A} = {EF12674F-2BDF-4704-92A1-AED0ED79923D}
		{F3289E78-9B8E-47D7-AE5E-39261DF48C12} = {EF12674F-2BDF-4704-92A1-AED0ED79923D}
		{F5DFAB59-C2B5-4B05-8B19-41A7AB78E985} = {E593F6C0-AE38-4333-B0D1-DC763363D769}
		{75D65004-300A-44FA-A871-CC79985DF039} = {F5DFAB59-C2B5-4B05-8B19-41A7AB78E985}
		{93ACB478-4570-4F67-9442-2839D1A46EC9} = {6A0842E6-475D-420A-8E98-656B0D6F0292}
		{238FC7FF-5234-4FEB-8265-22B8E8F01B0C} = {6A0842E6-475D-420A-8E98-656B0D6F0292}
		{7142865B-DBC2-4492-BF65-F49200F82F69} = {B8F4930F-864B-432C-880F-A9A73F566B97}
		{09305405-AF78-4A34-AF5B-7CD42AC034B9} = {7142865B-DBC2-4492-BF65-F49200F82F69}
		{8C25842F-1C2B-431F-B78E-8B6B3825EE3A} = {8CBA93D0-C93E-451C-AB3A-3335794F800E}
		{BD6041F9-0139-4043-AF02-C786CC11AD74} = {68F8C310-0E2E-4FD8-9979-39E511FB74F5}
		{83B338EF-632C-4404-8FFF-628C1F9EAFBD} = {68F8C310-0E2E-4FD8-9979-39E511FB74F5}
		{FDB3A770-0A16-45D7-B56D-40A69F2BE440} = {83B338EF-632C-4404-8FFF-628C1F9EAFBD}
		{2EEB0B12-FC59-4071-952B-7B7690F214D9} = {BD6041F9-0139-4043-AF02-C786CC11AD74}
		{C523BB17-FAD1-4666-9E0D-EBA1D6B32394} = {BD6041F9-0139-4043-AF02-C786CC11AD74}
		{0B53507E-E0CE-42D4-AAAB-B9F67F7A463D} = {6A0842E6-475D-420A-8E98-656B0D6F0292}
		{FC52043E-C45E-4B83-8AA5-DB8F57670F14} = {6A0842E6-475D-420A-8E98-656B0D6F0292}
		{C36BC726-E29E-47C3-94AC-3F88BF3BD7F0} = {6A0842E6-475D-420A-8E98-656B0D6F0292}
		{D5EBCD1E-6C5C-4523-AA39-8809885C4F90} = {BF08D209-638A-4C00-AE52-1102C2AA7FC5}
		{2C28F73A-31FF-4871-B771-14AFE44EC5A7} = {D5EBCD1E-6C5C-4523-AA39-8809885C4F90}
	EndGlobalSection
	GlobalSection(ExtensibilityGlobals) = postSolution
		SolutionGuid = {11E84371-DE6B-4B78-BB92-B71EECC46630}
	EndGlobalSection
EndGlobal
